
Microsoft Visual Studio Solution File, Format Version 12.00
# Visual Studio 2013
VisualStudioVersion = 12.0.31101.0
MinimumVisualStudioVersion = 10.0.40219.1
Project("{F2A71F9B-5D33-465A-A702-920D77279786}") = "HelloWorld", "HelloWorld\HelloWorld.fsproj", "{B2778878-704A-457E-B41D-7B39B436F668}"
EndProject
Project("{F2A71F9B-5D33-465A-A702-920D77279786}") = "Calculator.Tests", "Calculator.Tests\Calculator.Tests.fsproj", "{766FEC0B-C884-47B6-AF46-0BDC54B57201}"
EndProject
Global
	GlobalSection(SolutionConfigurationPlatforms) = preSolution
		Debug|Any CPU = Debug|Any CPU
		Release|Any CPU = Release|Any CPU
	EndGlobalSection
	GlobalSection(ProjectConfigurationPlatforms) = postSolution
		{B2778878-704A-457E-B41D-7B39B436F668}.Debug|Any CPU.ActiveCfg = Debug|Any CPU
		{B2778878-704A-457E-B41D-7B39B436F668}.Debug|Any CPU.Build.0 = Debug|Any CPU
		{B2778878-704A-457E-B41D-7B39B436F668}.Release|Any CPU.ActiveCfg = Release|Any CPU
		{B2778878-704A-457E-B41D-7B39B436F668}.Release|Any CPU.Build.0 = Release|Any CPU
		{766FEC0B-C884-47B6-AF46-0BDC54B57201}.Debug|Any CPU.ActiveCfg = Debug|Any CPU
		{766FEC0B-C884-47B6-AF46-0BDC54B57201}.Debug|Any CPU.Build.0 = Debug|Any CPU
		{766FEC0B-C884-47B6-AF46-0BDC54B57201}.Release|Any CPU.ActiveCfg = Release|Any CPU
		{766FEC0B-C884-47B6-AF46-0BDC54B57201}.Release|Any CPU.Build.0 = Release|Any CPU
	EndGlobalSection
	GlobalSection(SolutionProperties) = preSolution
		HideSolutionNode = FALSE
	EndGlobalSection
EndGlobal
